{
  "name": "to-rects",
  "version": "1.0.0",
  "lockfileVersion": 1,
  "requires": true,
  "dependencies": {
    "earcut": {
      "version": "2.1.4",
      "resolved": "https://registry.npmjs.org/earcut/-/earcut-2.1.4.tgz",
      "integrity": "sha512-ttRjmPD5oaTtXOoxhFp9aZvMB14kBjapYaiBuzBB1elOgSLU9P2Ev86G2OClBg+uspUXERsIzXKpUWweH2K4Xg=="
    }
  }
}
